// !$*UTF8*$!
{
	archiveVersion = 1;
	classes = {
	};
	objectVersion = 48;
	objects = {

/* Begin PBXBuildFile section */
		8D6C29881F8CD8A900FBCD84 /* AppDelegate.swift in Sources */ = {isa = PBXBuildFile; fileRef = 8D6C29871F8CD8A900FBCD84 /* AppDelegate.swift */; };
		8D6C298A1F8CD8A900FBCD84 /* ViewController.swift in Sources */ = {isa = PBXBuildFile; fileRef = 8D6C29891F8CD8A900FBCD84 /* ViewController.swift */; };
		8D6C298D1F8CD8A900FBCD84 /* Main.storyboard in Resources */ = {isa = PBXBuildFile; fileRef = 8D6C298B1F8CD8A900FBCD84 /* Main.storyboard */; };
		8D6C298F1F8CD8A900FBCD84 /* Assets.xcassets in Resources */ = {isa = PBXBuildFile; fileRef = 8D6C298E1F8CD8A900FBCD84 /* Assets.xcassets */; };
		8D6C29921F8CD8A900FBCD84 /* LaunchScreen.storyboard in Resources */ = {isa = PBXBuildFile; fileRef = 8D6C29901F8CD8A900FBCD84 /* LaunchScreen.storyboard */; };
		8D6C299B1F8CDB5E00FBCD84 /* TestRecording.m4a in Resources */ = {isa = PBXBuildFile; fileRef = 8D6C299A1F8CDB5D00FBCD84 /* TestRecording.m4a */; };
/* End PBXBuildFile section */

/* Begin PBXFileReference section */
		8D6C29841F8CD8A900FBCD84 /* ScribePerso.app */ = {isa = PBXFileReference; explicitFileType = wrapper.application; includeInIndex = 0; path = ScribePerso.app; sourceTree = BUILT_PRODUCTS_DIR; };
		8D6C29871F8CD8A900FBCD84 /* AppDelegate.swift */ = {isa = PBXFileReference; lastKnownFileType = sourcecode.swift; path = AppDelegate.swift; sourceTree = "<group>"; };
		8D6C29891F8CD8A900FBCD84 /* ViewController.swift */ = {isa = PBXFileReference; lastKnownFileType = sourcecode.swift; path = ViewController.swift; sourceTree = "<group>"; };
		8D6C298C1F8CD8A900FBCD84 /* Base */ = {isa = PBXFileReference; lastKnownFileType = file.storyboard; name = Base; path = Base.lproj/Main.storyboard; sourceTree = "<group>"; };
		8D6C298E1F8CD8A900FBCD84 /* Assets.xcassets */ = {isa = PBXFileReference; lastKnownFileType = folder.assetcatalog; path = Assets.xcassets; sourceTree = "<group>"; };
		8D6C29911F8CD8A900FBCD84 /* Base */ = {isa = PBXFileReference; lastKnownFileType = file.storyboard; name = Base; path = Base.lproj/LaunchScreen.storyboard; sourceTree = "<group>"; };
		8D6C29931F8CD8A900FBCD84 /* Info.plist */ = {isa = PBXFileReference; lastKnownFileType = text.plist.xml; path = Info.plist; sourceTree = "<group>"; };
		8D6C299A1F8CDB5D00FBCD84 /* TestRecording.m4a */ = {isa = PBXFileReference; lastKnownFileType = file; path = TestRecording.m4a; sourceTree = "<group>"; };
/* End PBXFileReference section */

/* Begin PBXFrameworksBuildPhase section */
		8D6C29811F8CD8A900FBCD84 /* Frameworks */ = {
			isa = PBXFrameworksBuildPhase;
			buildActionMask = 2147483647;
			files = (
			);
			runOnlyForDeploymentPostprocessing = 0;
		};
/* End PBXFrameworksBuildPhase section */

/* Begin PBXGroup section */
		8D6C297B1F8CD8A900FBCD84 = {
			isa = PBXGroup;
			children = (
				8D6C29861F8CD8A900FBCD84 /* ScribePerso */,
				8D6C29851F8CD8A900FBCD84 /* Products */,
			);
			sourceTree = "<group>";
		};
		8D6C29851F8CD8A900FBCD84 /* Products */ = {
			isa = PBXGroup;
			children = (
				8D6C29841F8CD8A900FBCD84 /* ScribePerso.app */,
			);
			name = Products;
			sourceTree = "<group>";
		};
		8D6C29861F8CD8A900FBCD84 /* ScribePerso */ = {
			isa = PBXGroup;
			children = (
				8D6C29991F8CDB2E00FBCD84 /* Resources */,
				8D6C29871F8CD8A900FBCD84 /* AppDelegate.swift */,
				8D6C29891F8CD8A900FBCD84 /* ViewController.swift */,
				8D6C298B1F8CD8A900FBCD84 /* Main.storyboard */,
				8D6C298E1F8CD8A900FBCD84 /* Assets.xcassets */,
				8D6C29901F8CD8A900FBCD84 /* LaunchScreen.storyboard */,
				8D6C29931F8CD8A900FBCD84 /* Info.plist */,
			);
			path = ScribePerso;
			sourceTree = "<group>";
		};
		8D6C29991F8CDB2E00FBCD84 /* Resources */ = {
			isa = PBXGroup;
			children = (
				8D6C299A1F8CDB5D00FBCD84 /* TestRecording.m4a */,
			);
			path = Resources;
			sourceTree = "<group>";
		};
/* End PBXGroup section */

/* Begin PBXNativeTarget section */
		8D6C29831F8CD8A900FBCD84 /* ScribePerso */ = {
			isa = PBXNativeTarget;
			buildConfigurationList = 8D6C29961F8CD8A900FBCD84 /* Build configuration list for PBXNativeTarget "ScribePerso" */;
			buildPhases = (
				8D6C29801F8CD8A900FBCD84 /* Sources */,
				8D6C29811F8CD8A900FBCD84 /* Frameworks */,
				8D6C29821F8CD8A900FBCD84 /* Resources */,
			);
			buildRules = (
			);
			dependencies = (
			);
			name = ScribePerso;
			productName = ScribePerso;
			productReference = 8D6C29841F8CD8A900FBCD84 /* ScribePerso.app */;
			productType = "com.apple.product-type.application";
		};
/* End PBXNativeTarget section */

/* Begin PBXProject section */
		8D6C297C1F8CD8A900FBCD84 /* Project object */ = {
			isa = PBXProject;
			attributes = {
				LastSwiftUpdateCheck = 0900;
				LastUpgradeCheck = 0900;
				ORGANIZATIONNAME = "Yael Chomski Bar-Siman-Tov";
				TargetAttributes = {
					8D6C29831F8CD8A900FBCD84 = {
						CreatedOnToolsVersion = 9.0;
						ProvisioningStyle = Automatic;
					};
				};
			};
			buildConfigurationList = 8D6C297F1F8CD8A900FBCD84 /* Build configuration list for PBXProject "ScribePerso" */;
			compatibilityVersion = "Xcode 8.0";
			developmentRegion = en;
			hasScannedForEncodings = 0;
			knownRegions = (
				en,
				Base,
			);
			mainGroup = 8D6C297B1F8CD8A900FBCD84;
			productRefGroup = 8D6C29851F8CD8A900FBCD84 /* Products */;
			projectDirPath = "";
			projectRoot = "";
			targets = (
				8D6C29831F8CD8A900FBCD84 /* ScribePerso */,
			);
		};
/* End PBXProject section */

/* Begin PBXResourcesBuildPhase section */
		8D6C29821F8CD8A900FBCD84 /* Resources */ = {
			isa = PBXResourcesBuildPhase;
			buildActionMask = 2147483647;
			files = (
				8D6C29921F8CD8A900FBCD84 /* LaunchScreen.storyboard in Resources */,
				8D6C298F1F8CD8A900FBCD84 /* Assets.xcassets in Resources */,
				8D6C299B1F8CDB5E00FBCD84 /* TestRecording.m4a in Resources */,
				8D6C298D1F8CD8A900FBCD84 /* Main.storyboard in Resources */,
			);
			runOnlyForDeploymentPostprocessing = 0;
		};
/* End PBXResourcesBuildPhase section */

/* Begin PBXSourcesBuildPhase section */
		8D6C29801F8CD8A900FBCD84 /* Sources */ = {
			isa = PBXSourcesBuildPhase;
			buildActionMask = 2147483647;
			files = (
				8D6C298A1F8CD8A900FBCD84 /* ViewController.swift in Sources */,
				8D6C29881F8CD8A900FBCD84 /* AppDelegate.swift in Sources */,
			);
			runOnlyForDeploymentPostprocessing = 0;
		};
/* End PBXSourcesBuildPhase section */

/* Begin PBXVariantGroup section */
		8D6C298B1F8CD8A900FBCD84 /* Main.storyboard */ = {
			isa = PBXVariantGroup;
			children = (
				8D6C298C1F8CD8A900FBCD84 /* Base */,
			);
			name = Main.storyboard;
			sourceTree = "<group>";
		};
		8D6C29901F8CD8A900FBCD84 /* LaunchScreen.storyboard */ = {
			isa = PBXVariantGroup;
			children = (
				8D6C29911F8CD8A900FBCD84 /* Base */,
			);
			name = LaunchScreen.storyboard;
			sourceTree = "<group>";
		};
/* End PBXVariantGroup section */

/* Begin XCBuildConfiguration section */
		8D6C29941F8CD8A900FBCD84 /* Debug */ = {
			isa = XCBuildConfiguration;
			buildSettings = {
				ALWAYS_SEARCH_USER_PATHS = NO;
				CLANG_ANALYZER_NONNULL = YES;
				CLANG_ANALYZER_NUMBER_OBJECT_CONVERSION = YES_AGGRESSIVE;
				CLANG_CXX_LANGUAGE_STANDARD = "gnu++14";
				CLANG_CXX_LIBRARY = "libc++";
				CLANG_ENABLE_MODULES = YES;
				CLANG_ENABLE_OBJC_ARC = YES;
				CLANG_WARN_BLOCK_CAPTURE_AUTORELEASING = YES;
				CLANG_WARN_BOOL_CONVERSION = YES;
				CLANG_WARN_COMMA = YES;
				CLANG_WARN_CONSTANT_CONVERSION = YES;
				CLANG_WARN_DIRECT_OBJC_ISA_USAGE = YES_ERROR;
				CLANG_WARN_DOCUMENTATION_COMMENTS = YES;
				CLANG_WARN_EMPTY_BODY = YES;
				CLANG_WARN_ENUM_CONVERSION = YES;
				CLANG_WARN_INFINITE_RECURSION = YES;
				CLANG_WARN_INT_CONVERSION = YES;
				CLANG_WARN_NON_LITERAL_NULL_CONVERSION = YES;
				CLANG_WARN_OBJC_LITERAL_CONVERSION = YES;
				CLANG_WARN_OBJC_ROOT_CLASS = YES_ERROR;
				CLANG_WARN_RANGE_LOOP_ANALYSIS = YES;
				CLANG_WARN_STRICT_PROTOTYPES = YES;
				CLANG_WARN_SUSPICIOUS_MOVE = YES;
				CLANG_WARN_UNGUARDED_AVAILABILITY = YES_AGGRESSIVE;
				CLANG_WARN_UNREACHABLE_CODE = YES;
				CLANG_WARN__DUPLICATE_METHOD_MATCH = YES;
				CODE_SIGN_IDENTITY = "iPhone Developer";
				COPY_PHASE_STRIP = NO;
				DEBUG_INFORMATION_FORMAT = dwarf;
				ENABLE_STRICT_OBJC_MSGSEND = YES;
				ENABLE_TESTABILITY = YES;
				GCC_C_LANGUAGE_STANDARD = gnu11;
				GCC_DYNAMIC_NO_PIC = NO;
				GCC_NO_COMMON_BLOCKS = YES;
				GCC_OPTIMIZATION_LEVEL = 0;
				GCC_PREPROCESSOR_DEFINITIONS = (
					"DEBUG=1",
					"$(inherited)",
				);
				GCC_WARN_64_TO_32_BIT_CONVERSION = YES;
				GCC_WARN_ABOUT_RETURN_TYPE = YES_ERROR;
				GCC_WARN_UNDECLARED_SELECTOR = YES;
				GCC_WARN_UNINITIALIZED_AUTOS = YES_AGGRESSIVE;
				GCC_WARN_UNUSED_FUNCTION = YES;
				GCC_WARN_UNUSED_VARIABLE = YES;
				IPHONEOS_DEPLOYMENT_TARGET = 11.0;
				MTL_ENABLE_DEBUG_INFO = YES;
				ONLY_ACTIVE_ARCH = YES;
				SDKROOT = iphoneos;
				SWIFT_ACTIVE_COMPILATION_CONDITIONS = DEBUG;
				SWIFT_OPTIMIZATION_LEVEL = "-Onone";
			};
			name = Debug;
		};
		8D6C29951F8CD8A900FBCD84 /* Release */ = {
			isa = XCBuildConfiguration;
			buildSettings = {
				ALWAYS_SEARCH_USER_PATHS = NO;
				CLANG_ANALYZER_NONNULL = YES;
				CLANG_ANALYZER_NUMBER_OBJECT_CONVERSION = YES_AGGRESSIVE;
				CLANG_CXX_LANGUAGE_STANDARD = "gnu++14";
				CLANG_CXX_LIBRARY = "libc++";
				CLANG_ENABLE_MODULES = YES;
				CLANG_ENABLE_OBJC_ARC = YES;
				CLANG_WARN_BLOCK_CAPTURE_AUTORELEASING = YES;
				CLANG_WARN_BOOL_CONVERSION = YES;
				CLANG_WARN_COMMA = YES;
				CLANG_WARN_CONSTANT_CONVERSION = YES;
				CLANG_WARN_DIRECT_OBJC_ISA_USAGE = YES_ERROR;
				CLANG_WARN_DOCUMENTATION_COMMENTS = YES;
				CLANG_WARN_EMPTY_BODY = YES;
				CLANG_WARN_ENUM_CONVERSION = YES;
				CLANG_WARN_INFINITE_RECURSION = YES;
				CLANG_WARN_INT_CONVERSION = YES;
				CLANG_WARN_NON_LITERAL_NULL_CONVERSION = YES;
				CLANG_WARN_OBJC_LITERAL_CONVERSION = YES;
				CLANG_WARN_OBJC_ROOT_CLASS = YES_ERROR;
				CLANG_WARN_RANGE_LOOP_ANALYSIS = YES;
				CLANG_WARN_STRICT_PROTOTYPES = YES;
				CLANG_WARN_SUSPICIOUS_MOVE = YES;
				CLANG_WARN_UNGUARDED_AVAILABILITY = YES_AGGRESSIVE;
				CLANG_WARN_UNREACHABLE_CODE = YES;
				CLANG_WARN__DUPLICATE_METHOD_MATCH = YES;
				CODE_SIGN_IDENTITY = "iPhone Developer";
				COPY_PHASE_STRIP = NO;
				DEBUG_INFORMATION_FORMAT = "dwarf-with-dsym";
				ENABLE_NS_ASSERTIONS = NO;
				ENABLE_STRICT_OBJC_MSGSEND = YES;
				GCC_C_LANGUAGE_STANDARD = gnu11;
				GCC_NO_COMMON_BLOCKS = YES;
				GCC_WARN_64_TO_32_BIT_CONVERSION = YES;
				GCC_WARN_ABOUT_RETURN_TYPE = YES_ERROR;
				GCC_WARN_UNDECLARED_SELECTOR = YES;
				GCC_WARN_UNINITIALIZED_AUTOS = YES_AGGRESSIVE;
				GCC_WARN_UNUSED_FUNCTION = YES;
				GCC_WARN_UNUSED_VARIABLE = YES;
				IPHONEOS_DEPLOYMENT_TARGET = 11.0;
				MTL_ENABLE_DEBUG_INFO = NO;
				SDKROOT = iphoneos;
				SWIFT_OPTIMIZATION_LEVEL = "-Owholemodule";
				VALIDATE_PRODUCT = YES;
			};
			name = Release;
		};
		8D6C29971F8CD8A900FBCD84 /* Debug */ = {
			isa = XCBuildConfiguration;
			buildSettings = {
				ASSETCATALOG_COMPILER_APPICON_NAME = AppIcon;
				CODE_SIGN_STYLE = Automatic;
				INFOPLIST_FILE = ScribePerso/Info.plist;
				LD_RUNPATH_SEARCH_PATHS = "$(inherited) @executable_path/Frameworks";
				PRODUCT_BUNDLE_IDENTIFIER = com.YaelPituah.ScribePerso;
				PRODUCT_NAME = "$(TARGET_NAME)";
				SWIFT_VERSION = 4.0;
				TARGETED_DEVICE_FAMILY = "1,2";
			};
			name = Debug;
		};
		8D6C29981F8CD8A900FBCD84 /* Release */ = {
			isa = XCBuildConfiguration;
			buildSettings = {
				ASSETCATALOG_COMPILER_APPICON_NAME = AppIcon;
				CODE_SIGN_STYLE = Automatic;
				INFOPLIST_FILE = ScribePerso/Info.plist;
				LD_RUNPATH_SEARCH_PATHS = "$(inherited) @executable_path/Frameworks";
				PRODUCT_BUNDLE_IDENTIFIER = com.YaelPituah.ScribePerso;
				PRODUCT_NAME = "$(TARGET_NAME)";
				SWIFT_VERSION = 4.0;
				TARGETED_DEVICE_FAMILY = "1,2";
			};
			name = Release;
		};
/* End XCBuildConfiguration section */

/* Begin XCConfigurationList section */
		8D6C297F1F8CD8A900FBCD84 /* Build configuration list for PBXProject "ScribePerso" */ = {
			isa = XCConfigurationList;
			buildConfigurations = (
				8D6C29941F8CD8A900FBCD84 /* Debug */,
				8D6C29951F8CD8A900FBCD84 /* Release */,
			);
			defaultConfigurationIsVisible = 0;
			defaultConfigurationName = Release;
		};
		8D6C29961F8CD8A900FBCD84 /* Build configuration list for PBXNativeTarget "ScribePerso" */ = {
			isa = XCConfigurationList;
			buildConfigurations = (
				8D6C29971F8CD8A900FBCD84 /* Debug */,
				8D6C29981F8CD8A900FBCD84 /* Release */,
			);
			defaultConfigurationIsVisible = 0;
			defaultConfigurationName = Release;
		};
/* End XCConfigurationList section */
	};
	rootObject = 8D6C297C1F8CD8A900FBCD84 /* Project object */;
}
